<?xml version="1.0" encoding="utf-8"?>
<Project ToolsVersion="4.0" xmlns="http://schemas.microsoft.com/developer/msbuild/2003">
  <ItemGroup>
    <Filter Include="Исходные файлы">
      <UniqueIdentifier>{4FC737F1-C7A5-4376-A066-2A32D752A2FF}</UniqueIdentifier>
      <Extensions>cpp;c;cc;cxx;c++;cppm;ixx;def;odl;idl;hpj;bat;asm;asmx</Extensions>
    </Filter>
    <Filter Include="Файлы заголовков">
      <UniqueIdentifier>{93995380-89BD-4b04-88EB-625FBE52EBFB}</UniqueIdentifier>
      <Extensions>h;hh;hpp;hxx;h++;hm;inl;inc;ipp;xsd</Extensions>
    </Filter>
    <Filter Include="Файлы ресурсов">
      <UniqueIdentifier>{67DA6AB6-F800-4c08-8B7A-83BB121AAD01}</UniqueIdentifier>
      <Extensions>rc;ico;cur;bmp;dlg;rc2;rct;bin;rgs;gif;jpg;jpeg;jpe;resx;tiff;tif;png;wav;mfcribbon-ms</Extensions>
    </Filter>
    <Filter Include="Файлы ресурсов\Items">
      <UniqueIdentifier>{3a81aaf3-ff4b-4e2e-a04b-30a29cc7334e}</UniqueIdentifier>
    </Filter>
    <Filter Include="Файлы ресурсов\Entities">
      <UniqueIdentifier>{badef475-4fce-49bd-9da4-598e7a2ed0ac}</UniqueIdentifier>
    </Filter>
  </ItemGroup>
  <ItemGroup>
    <ClCompile Include="app.cpp">
      <Filter>Исходные файлы</Filter>
    </ClCompile>
    <ClCompile Include="Item.cpp">
      <Filter>Файлы ресурсов</Filter>
    </ClCompile>
    <ClCompile Include="Sword.cpp">
      <Filter>Файлы ресурсов\Items</Filter>
    </ClCompile>
    <ClCompile Include="Armor.cpp">
      <Filter>Файлы ресурсов\Items</Filter>
    </ClCompile>
    <ClCompile Include="Food.cpp">
      <Filter>Файлы ресурсов\Items</Filter>
    </ClCompile>
    <ClCompile Include="Entity.cpp">
      <Filter>Файлы ресурсов</Filter>
    </ClCompile>
    <ClCompile Include="Player.cpp">
      <Filter>Файлы ресурсов\Entities</Filter>
    </ClCompile>
  </ItemGroup>
</Project>